
Microsoft Visual Studio Solution File, Format Version 12.00
# Visual Studio Version 18
VisualStudioVersion = 18.6.11819.183 stable
MinimumVisualStudioVersion = 10.0.40219.1
Project("{9A19103F-16F7-4668-BE54-9A1E7A4F7556}") = "Propnex.Poster.Dtos", "Propnex.Poster.Dtos\Propnex.Poster.Dtos\Propnex.Poster.Dtos.csproj", "{89F3FA46-1679-4166-AE83-E6A8BB0D8694}"
EndProject
Project("{9A19103F-16F7-4668-BE54-9A1E7A4F7556}") = "Propnex.Poster.Share", "Propnex.Poster.Share\Propnex.Poster.Share.csproj", "{62A446E9-B73C-4F3C-ACF6-F625DBA08129}"
EndProject
Project("{FAE04EC0-301F-11D3-BF4B-00C04F79EFBC}") = "Propnex.Poster.PropertyGuru", "Propnex.Poster.PropertyGuru\Propnex.Poster.PropertyGuru.csproj", "{2613D6F8-BF87-45E2-B696-6FA879BB09CC}"
EndProject
Project("{9A19103F-16F7-4668-BE54-9A1E7A4F7556}") = "PropnexPoster.WPF", "PropnexPoster.WPF\PropnexPoster.WPF.csproj", "{CE26A089-0E65-44D1-9790-294A4A03BBD8}"
EndProject
Project("{9A19103F-16F7-4668-BE54-9A1E7A4F7556}") = "Propnex.Poster.Test", "Propnex.Poster.Test\Propnex.Poster.Test.csproj", "{F1B490E0-1AA9-4B4C-A35C-4CF4CFB8532B}"
EndProject
Project("{9A19103F-16F7-4668-BE54-9A1E7A4F7556}") = "Propnex", "Propnex.Task\Propnex.csproj", "{849BD261-357D-4D77-AE57-6A796DF8405D}"
EndProject
Project("{2150E333-8FDC-42A3-9474-1A3956D46DE8}") = "PropertyGuru", "PropertyGuru", "{04FECE49-B18B-496A-8755-5AFEBB6DCA5E}"
EndProject
Project("{2150E333-8FDC-42A3-9474-1A3956D46DE8}") = "Client", "Client", "{62AD870F-BDA6-4AAC-9C02-7101122C01B1}"
EndProject
Project("{9A19103F-16F7-4668-BE54-9A1E7A4F7556}") = "Propnex.Poster.GetGuruPorperty", "Propnex.Poster.GetGuruPorperty\Propnex.Poster.GetGuruPorperty.csproj", "{930A5A01-D6A7-457E-A2D2-143DEBE5E5EA}"
EndProject
Project("{FAE04EC0-301F-11D3-BF4B-00C04F79EFBC}") = "Propnex.Poster.PropertyGuru.Mobile", "Propnex.Poster.PropertyGuru.Mobile\Propnex.Poster.PropertyGuru.Mobile.csproj", "{5B01E974-110C-4D74-BD48-888A12C710AA}"
EndProject
Global
	GlobalSection(SolutionConfigurationPlatforms) = preSolution
		Debug|x64 = Debug|x64
		Release|x64 = Release|x64
	EndGlobalSection
	GlobalSection(ProjectConfigurationPlatforms) = postSolution
		{89F3FA46-1679-4166-AE83-E6A8BB0D8694}.Debug|x64.ActiveCfg = Debug|x64
		{89F3FA46-1679-4166-AE83-E6A8BB0D8694}.Debug|x64.Build.0 = Debug|x64
		{89F3FA46-1679-4166-AE83-E6A8BB0D8694}.Release|x64.ActiveCfg = Release|x64
		{89F3FA46-1679-4166-AE83-E6A8BB0D8694}.Release|x64.Build.0 = Release|x64
		{62A446E9-B73C-4F3C-ACF6-F625DBA08129}.Debug|x64.ActiveCfg = Debug|x64
		{62A446E9-B73C-4F3C-ACF6-F625DBA08129}.Debug|x64.Build.0 = Debug|x64
		{62A446E9-B73C-4F3C-ACF6-F625DBA08129}.Release|x64.ActiveCfg = Release|x64
		{62A446E9-B73C-4F3C-ACF6-F625DBA08129}.Release|x64.Build.0 = Release|x64
		{2613D6F8-BF87-45E2-B696-6FA879BB09CC}.Debug|x64.ActiveCfg = Debug|x64
		{2613D6F8-BF87-45E2-B696-6FA879BB09CC}.Debug|x64.Build.0 = Debug|x64
		{2613D6F8-BF87-45E2-B696-6FA879BB09CC}.Release|x64.ActiveCfg = Release|x64
		{2613D6F8-BF87-45E2-B696-6FA879BB09CC}.Release|x64.Build.0 = Release|x64
		{CE26A089-0E65-44D1-9790-294A4A03BBD8}.Debug|x64.ActiveCfg = Debug|x64
		{CE26A089-0E65-44D1-9790-294A4A03BBD8}.Debug|x64.Build.0 = Debug|x64
		{CE26A089-0E65-44D1-9790-294A4A03BBD8}.Release|x64.ActiveCfg = Release|x64
		{CE26A089-0E65-44D1-9790-294A4A03BBD8}.Release|x64.Build.0 = Release|x64
		{F1B490E0-1AA9-4B4C-A35C-4CF4CFB8532B}.Debug|x64.ActiveCfg = Debug|x64
		{F1B490E0-1AA9-4B4C-A35C-4CF4CFB8532B}.Debug|x64.Build.0 = Debug|x64
		{F1B490E0-1AA9-4B4C-A35C-4CF4CFB8532B}.Release|x64.ActiveCfg = Release|x64
		{F1B490E0-1AA9-4B4C-A35C-4CF4CFB8532B}.Release|x64.Build.0 = Release|x64
		{849BD261-357D-4D77-AE57-6A796DF8405D}.Debug|x64.ActiveCfg = Debug|x64
		{849BD261-357D-4D77-AE57-6A796DF8405D}.Debug|x64.Build.0 = Debug|x64
		{849BD261-357D-4D77-AE57-6A796DF8405D}.Release|x64.ActiveCfg = Release|x64
		{849BD261-357D-4D77-AE57-6A796DF8405D}.Release|x64.Build.0 = Release|x64
		{930A5A01-D6A7-457E-A2D2-143DEBE5E5EA}.Debug|x64.ActiveCfg = Debug|x64
		{930A5A01-D6A7-457E-A2D2-143DEBE5E5EA}.Debug|x64.Build.0 = Debug|x64
		{930A5A01-D6A7-457E-A2D2-143DEBE5E5EA}.Release|x64.ActiveCfg = Release|x64
		{930A5A01-D6A7-457E-A2D2-143DEBE5E5EA}.Release|x64.Build.0 = Release|x64
		{5B01E974-110C-4D74-BD48-888A12C710AA}.Debug|x64.ActiveCfg = Debug|x64
		{5B01E974-110C-4D74-BD48-888A12C710AA}.Debug|x64.Build.0 = Debug|x64
		{5B01E974-110C-4D74-BD48-888A12C710AA}.Release|x64.ActiveCfg = Release|x64
		{5B01E974-110C-4D74-BD48-888A12C710AA}.Release|x64.Build.0 = Release|x64
	EndGlobalSection
	GlobalSection(SolutionProperties) = preSolution
		HideSolutionNode = FALSE
	EndGlobalSection
	GlobalSection(NestedProjects) = preSolution
		{2613D6F8-BF87-45E2-B696-6FA879BB09CC} = {04FECE49-B18B-496A-8755-5AFEBB6DCA5E}
		{CE26A089-0E65-44D1-9790-294A4A03BBD8} = {62AD870F-BDA6-4AAC-9C02-7101122C01B1}
		{930A5A01-D6A7-457E-A2D2-143DEBE5E5EA} = {62AD870F-BDA6-4AAC-9C02-7101122C01B1}
		{5B01E974-110C-4D74-BD48-888A12C710AA} = {04FECE49-B18B-496A-8755-5AFEBB6DCA5E}
	EndGlobalSection
	GlobalSection(ExtensibilityGlobals) = postSolution
		SolutionGuid = {63E2660C-C1D9-4768-90FD-289F36581842}
	EndGlobalSection
EndGlobal
