
Microsoft Visual Studio Solution File, Format Version 12.00
# Visual Studio Version 17
VisualStudioVersion = 17.0.31903.59
MinimumVisualStudioVersion = 10.0.40219.1
Project("{9A19103F-16F7-4668-BE54-9A1E7A4F7556}") = "Propnex.Poster.Dtos", "Propnex.Poster.Dtos\Propnex.Poster.Dtos\Propnex.Poster.Dtos.csproj", "{89F3FA46-1679-4166-AE83-E6A8BB0D8694}"
EndProject
Project("{9A19103F-16F7-4668-BE54-9A1E7A4F7556}") = "Propnex.Poster.WebServer", "Propnex.Poster.WebServer\Propnex.Poster.WebServer.csproj", "{857317B9-AEDD-4691-8457-C0A238B6A301}"
EndProject
Project("{9A19103F-16F7-4668-BE54-9A1E7A4F7556}") = "Propnex.Poster.Share", "Propnex.Poster.Share\Propnex.Poster.Share.csproj", "{21381E10-43C6-4345-A6AF-4B597AE977CE}"
EndProject
Project("{9A19103F-16F7-4668-BE54-9A1E7A4F7556}") = "Propnex.Poster.PropertyGuru", "Propnex.Poster.PropertyGuru\Propnex.Poster.PropertyGuru.csproj", "{507E37C6-04DE-426D-9E54-23BADFD20900}"
EndProject
Project("{9A19103F-16F7-4668-BE54-9A1E7A4F7556}") = "Propnex.Poster.PropertyGuru.Mobile", "Propnex.Poster.PropertyGuru.Mobile\Propnex.Poster.PropertyGuru.Mobile.csproj", "{55BA49A1-49D8-476F-B1C1-5911F8E5E83D}"
EndProject
Project("{9A19103F-16F7-4668-BE54-9A1E7A4F7556}") = "Propnex", "Propnex.Task\Propnex.csproj", "{2BFAB91D-BCCC-457C-A7BE-A8819572E515}"
EndProject
Global
	GlobalSection(SolutionConfigurationPlatforms) = preSolution
		Debug|x64 = Debug|x64
		Release|x64 = Release|x64
	EndGlobalSection
	GlobalSection(ProjectConfigurationPlatforms) = postSolution
		{89F3FA46-1679-4166-AE83-E6A8BB0D8694}.Debug|x64.ActiveCfg = Debug|x64
		{89F3FA46-1679-4166-AE83-E6A8BB0D8694}.Debug|x64.Build.0 = Debug|x64
		{89F3FA46-1679-4166-AE83-E6A8BB0D8694}.Release|x64.ActiveCfg = Release|x64
		{89F3FA46-1679-4166-AE83-E6A8BB0D8694}.Release|x64.Build.0 = Release|x64
		{857317B9-AEDD-4691-8457-C0A238B6A301}.Debug|x64.ActiveCfg = Debug|x64
		{857317B9-AEDD-4691-8457-C0A238B6A301}.Debug|x64.Build.0 = Debug|x64
		{857317B9-AEDD-4691-8457-C0A238B6A301}.Release|x64.ActiveCfg = Release|x64
		{857317B9-AEDD-4691-8457-C0A238B6A301}.Release|x64.Build.0 = Release|x64
		{21381E10-43C6-4345-A6AF-4B597AE977CE}.Debug|x64.ActiveCfg = Debug|x64
		{21381E10-43C6-4345-A6AF-4B597AE977CE}.Debug|x64.Build.0 = Debug|x64
		{21381E10-43C6-4345-A6AF-4B597AE977CE}.Release|x64.ActiveCfg = Release|x64
		{21381E10-43C6-4345-A6AF-4B597AE977CE}.Release|x64.Build.0 = Release|x64
		{507E37C6-04DE-426D-9E54-23BADFD20900}.Debug|x64.ActiveCfg = Debug|x64
		{507E37C6-04DE-426D-9E54-23BADFD20900}.Debug|x64.Build.0 = Debug|x64
		{507E37C6-04DE-426D-9E54-23BADFD20900}.Release|x64.ActiveCfg = Release|x64
		{507E37C6-04DE-426D-9E54-23BADFD20900}.Release|x64.Build.0 = Release|x64
		{55BA49A1-49D8-476F-B1C1-5911F8E5E83D}.Debug|x64.ActiveCfg = Debug|x64
		{55BA49A1-49D8-476F-B1C1-5911F8E5E83D}.Debug|x64.Build.0 = Debug|x64
		{55BA49A1-49D8-476F-B1C1-5911F8E5E83D}.Release|x64.ActiveCfg = Release|x64
		{55BA49A1-49D8-476F-B1C1-5911F8E5E83D}.Release|x64.Build.0 = Release|x64
		{2BFAB91D-BCCC-457C-A7BE-A8819572E515}.Debug|x64.ActiveCfg = Debug|x64
		{2BFAB91D-BCCC-457C-A7BE-A8819572E515}.Debug|x64.Build.0 = Debug|x64
		{2BFAB91D-BCCC-457C-A7BE-A8819572E515}.Release|x64.ActiveCfg = Release|x64
		{2BFAB91D-BCCC-457C-A7BE-A8819572E515}.Release|x64.Build.0 = Release|x64
	EndGlobalSection
	GlobalSection(SolutionProperties) = preSolution
		HideSolutionNode = FALSE
	EndGlobalSection
	GlobalSection(ExtensibilityGlobals) = postSolution
		SolutionGuid = {63E2660C-C1D9-4768-90FD-289F36581842}
	EndGlobalSection
EndGlobal
