
Microsoft Visual Studio Solution File, Format Version 12.00
# Visual Studio Version 17
VisualStudioVersion = 17.0.31903.59
MinimumVisualStudioVersion = 10.0.40219.1
Project("{9A19103F-16F7-4668-BE54-9A1E7A4F7556}") = "Propnex.Poster.Dtos", "Propnex.Poster.Dtos\Propnex.Poster.Dtos\Propnex.Poster.Dtos.csproj", "{89F3FA46-1679-4166-AE83-E6A8BB0D8694}"
EndProject
Project("{FAE04EC0-301F-11D3-BF4B-00C04F79EFBC}") = "Propnex.Poster.WinFrmGuru", "Propnex.Poster.WinFrmGuru\Propnex.Poster.WinFrmGuru.csproj", "{9CCAAB36-3F84-4FCA-822E-67A047805A12}"
EndProject
Project("{9A19103F-16F7-4668-BE54-9A1E7A4F7556}") = "Propnex.Poster.Share", "Propnex.Poster.Share\Propnex.Poster.Share.csproj", "{62A446E9-B73C-4F3C-ACF6-F625DBA08129}"
EndProject
Project("{FAE04EC0-301F-11D3-BF4B-00C04F79EFBC}") = "Propnex.Poster.PropertyGuru", "Propnex.Poster.PropertyGuru\Propnex.Poster.PropertyGuru.csproj", "{2613D6F8-BF87-45E2-B696-6FA879BB09CC}"
EndProject
Project("{54435603-DBB4-11D2-8724-00A0C9A8B90C}") = "Propnex.Poster.WinFrmGuruInstall", "WinFromGuruInstall\Propnex.Poster.WinFrmGuruInstall\Propnex.Poster.WinFrmGuruInstall.vdproj", "{46E205EA-32D1-4A50-B275-5474A9201FF4}"
EndProject
Global
	GlobalSection(SolutionConfigurationPlatforms) = preSolution
		Debug|Any CPU = Debug|Any CPU
		Debug|x86 = Debug|x86
		Release|Any CPU = Release|Any CPU
		Release|x86 = Release|x86
	EndGlobalSection
	GlobalSection(ProjectConfigurationPlatforms) = postSolution
		{89F3FA46-1679-4166-AE83-E6A8BB0D8694}.Debug|Any CPU.ActiveCfg = Debug|Any CPU
		{89F3FA46-1679-4166-AE83-E6A8BB0D8694}.Debug|Any CPU.Build.0 = Debug|Any CPU
		{89F3FA46-1679-4166-AE83-E6A8BB0D8694}.Debug|x86.ActiveCfg = Debug|x86
		{89F3FA46-1679-4166-AE83-E6A8BB0D8694}.Debug|x86.Build.0 = Debug|x86
		{89F3FA46-1679-4166-AE83-E6A8BB0D8694}.Release|Any CPU.ActiveCfg = Release|Any CPU
		{89F3FA46-1679-4166-AE83-E6A8BB0D8694}.Release|Any CPU.Build.0 = Release|Any CPU
		{89F3FA46-1679-4166-AE83-E6A8BB0D8694}.Release|x86.ActiveCfg = Release|x86
		{89F3FA46-1679-4166-AE83-E6A8BB0D8694}.Release|x86.Build.0 = Release|x86
		{9CCAAB36-3F84-4FCA-822E-67A047805A12}.Debug|Any CPU.ActiveCfg = Debug|Any CPU
		{9CCAAB36-3F84-4FCA-822E-67A047805A12}.Debug|Any CPU.Build.0 = Debug|Any CPU
		{9CCAAB36-3F84-4FCA-822E-67A047805A12}.Debug|x86.ActiveCfg = Debug|x86
		{9CCAAB36-3F84-4FCA-822E-67A047805A12}.Debug|x86.Build.0 = Debug|x86
		{9CCAAB36-3F84-4FCA-822E-67A047805A12}.Release|Any CPU.ActiveCfg = Release|Any CPU
		{9CCAAB36-3F84-4FCA-822E-67A047805A12}.Release|Any CPU.Build.0 = Release|Any CPU
		{9CCAAB36-3F84-4FCA-822E-67A047805A12}.Release|x86.ActiveCfg = Release|x86
		{9CCAAB36-3F84-4FCA-822E-67A047805A12}.Release|x86.Build.0 = Release|x86
		{62A446E9-B73C-4F3C-ACF6-F625DBA08129}.Debug|Any CPU.ActiveCfg = Debug|Any CPU
		{62A446E9-B73C-4F3C-ACF6-F625DBA08129}.Debug|Any CPU.Build.0 = Debug|Any CPU
		{62A446E9-B73C-4F3C-ACF6-F625DBA08129}.Debug|x86.ActiveCfg = Debug|x86
		{62A446E9-B73C-4F3C-ACF6-F625DBA08129}.Debug|x86.Build.0 = Debug|x86
		{62A446E9-B73C-4F3C-ACF6-F625DBA08129}.Release|Any CPU.ActiveCfg = Release|Any CPU
		{62A446E9-B73C-4F3C-ACF6-F625DBA08129}.Release|Any CPU.Build.0 = Release|Any CPU
		{62A446E9-B73C-4F3C-ACF6-F625DBA08129}.Release|x86.ActiveCfg = Release|x86
		{62A446E9-B73C-4F3C-ACF6-F625DBA08129}.Release|x86.Build.0 = Release|x86
		{2613D6F8-BF87-45E2-B696-6FA879BB09CC}.Debug|Any CPU.ActiveCfg = Debug|Any CPU
		{2613D6F8-BF87-45E2-B696-6FA879BB09CC}.Debug|Any CPU.Build.0 = Debug|Any CPU
		{2613D6F8-BF87-45E2-B696-6FA879BB09CC}.Debug|x86.ActiveCfg = Debug|x86
		{2613D6F8-BF87-45E2-B696-6FA879BB09CC}.Debug|x86.Build.0 = Debug|x86
		{2613D6F8-BF87-45E2-B696-6FA879BB09CC}.Release|Any CPU.ActiveCfg = Release|Any CPU
		{2613D6F8-BF87-45E2-B696-6FA879BB09CC}.Release|Any CPU.Build.0 = Release|Any CPU
		{2613D6F8-BF87-45E2-B696-6FA879BB09CC}.Release|x86.ActiveCfg = Release|x86
		{2613D6F8-BF87-45E2-B696-6FA879BB09CC}.Release|x86.Build.0 = Release|x86
		{46E205EA-32D1-4A50-B275-5474A9201FF4}.Debug|Any CPU.ActiveCfg = Debug
		{46E205EA-32D1-4A50-B275-5474A9201FF4}.Debug|x86.ActiveCfg = Debug
		{46E205EA-32D1-4A50-B275-5474A9201FF4}.Debug|x86.Build.0 = Debug
		{46E205EA-32D1-4A50-B275-5474A9201FF4}.Release|Any CPU.ActiveCfg = Release
		{46E205EA-32D1-4A50-B275-5474A9201FF4}.Release|x86.ActiveCfg = Release
		{46E205EA-32D1-4A50-B275-5474A9201FF4}.Release|x86.Build.0 = Release
	EndGlobalSection
	GlobalSection(SolutionProperties) = preSolution
		HideSolutionNode = FALSE
	EndGlobalSection
	GlobalSection(ExtensibilityGlobals) = postSolution
		SolutionGuid = {63E2660C-C1D9-4768-90FD-289F36581842}
	EndGlobalSection
EndGlobal
